
Microsoft Visual Studio Solution File, Format Version 12.00
# Visual Studio 14
VisualStudioVersion = 14.0.23107.0
MinimumVisualStudioVersion = 10.0.40219.1
Project("{FAE04EC0-301F-11D3-BF4B-00C04F79EFBC}") = "MindUniversity.MidEvaluation", "MindUniversity.MidEvaluation\MindUniversity.MidEvaluation.csproj", "{71F0DA1F-C96F-4D0E-A1E8-688D107F8D27}"
EndProject
Project("{FAE04EC0-301F-11D3-BF4B-00C04F79EFBC}") = "MindUniversity.MidEvaluation.Tests", "MindUniversity.MidEvaluation.Tests\MindUniversity.MidEvaluation.Tests.csproj", "{125E2BA9-2A22-4688-9E89-C2AF9AF78361}"
EndProject
Global
	GlobalSection(SolutionConfigurationPlatforms) = preSolution
		Debug|Any CPU = Debug|Any CPU
		Release|Any CPU = Release|Any CPU
	EndGlobalSection
	GlobalSection(ProjectConfigurationPlatforms) = postSolution
		{71F0DA1F-C96F-4D0E-A1E8-688D107F8D27}.Debug|Any CPU.ActiveCfg = Debug|Any CPU
		{71F0DA1F-C96F-4D0E-A1E8-688D107F8D27}.Debug|Any CPU.Build.0 = Debug|Any CPU
		{71F0DA1F-C96F-4D0E-A1E8-688D107F8D27}.Release|Any CPU.ActiveCfg = Release|Any CPU
		{71F0DA1F-C96F-4D0E-A1E8-688D107F8D27}.Release|Any CPU.Build.0 = Release|Any CPU
		{125E2BA9-2A22-4688-9E89-C2AF9AF78361}.Debug|Any CPU.ActiveCfg = Debug|Any CPU
		{125E2BA9-2A22-4688-9E89-C2AF9AF78361}.Debug|Any CPU.Build.0 = Debug|Any CPU
		{125E2BA9-2A22-4688-9E89-C2AF9AF78361}.Release|Any CPU.ActiveCfg = Release|Any CPU
		{125E2BA9-2A22-4688-9E89-C2AF9AF78361}.Release|Any CPU.Build.0 = Release|Any CPU
	EndGlobalSection
	GlobalSection(SolutionProperties) = preSolution
		HideSolutionNode = FALSE
	EndGlobalSection
EndGlobal
